
Microsoft Visual Studio Solution File, Format Version 12.00
# Visual Studio Version 16
VisualStudioVersion = 16.0.29519.87
MinimumVisualStudioVersion = 10.0.40219.1
Project("{FAE04EC0-301F-11D3-BF4B-00C04F79EFBC}") = "SeleniumTests1", "SeleniumTests1\SeleniumTests1.csproj", "{E5ECF9B5-CE5B-4BC7-AFB7-574DC9F64C28}"
EndProject
Global
	GlobalSection(SolutionConfigurationPlatforms) = preSolution
		Debug|Any CPU = Debug|Any CPU
		Release|Any CPU = Release|Any CPU
	EndGlobalSection
	GlobalSection(ProjectConfigurationPlatforms) = postSolution
		{E5ECF9B5-CE5B-4BC7-AFB7-574DC9F64C28}.Debug|Any CPU.ActiveCfg = Debug|Any CPU
		{E5ECF9B5-CE5B-4BC7-AFB7-574DC9F64C28}.Debug|Any CPU.Build.0 = Debug|Any CPU
		{E5ECF9B5-CE5B-4BC7-AFB7-574DC9F64C28}.Release|Any CPU.ActiveCfg = Release|Any CPU
		{E5ECF9B5-CE5B-4BC7-AFB7-574DC9F64C28}.Release|Any CPU.Build.0 = Release|Any CPU
	EndGlobalSection
	GlobalSection(SolutionProperties) = preSolution
		HideSolutionNode = FALSE
	EndGlobalSection
	GlobalSection(ExtensibilityGlobals) = postSolution
		SolutionGuid = {1F7926E7-7374-4B76-9F66-50BDC0C2EC7E}
	EndGlobalSection
EndGlobal
